
Microsoft Visual Studio Solution File, Format Version 12.00
# Visual Studio Version 17
VisualStudioVersion = 17.5.002.0
MinimumVisualStudioVersion = 10.0.40219.1
Project("{9A19103F-16F7-4668-BE54-9A1E7A4F7556}") = "InduMovel", "InduMovel.csproj", "{2CB0D733-3FE5-4C7F-88C2-647E83CD25C0}"
EndProject
Global
	GlobalSection(SolutionConfigurationPlatforms) = preSolution
		Debug|Any CPU = Debug|Any CPU
		Release|Any CPU = Release|Any CPU
	EndGlobalSection
	GlobalSection(ProjectConfigurationPlatforms) = postSolution
		{2CB0D733-3FE5-4C7F-88C2-647E83CD25C0}.Debug|Any CPU.ActiveCfg = Debug|Any CPU
		{2CB0D733-3FE5-4C7F-88C2-647E83CD25C0}.Debug|Any CPU.Build.0 = Debug|Any CPU
		{2CB0D733-3FE5-4C7F-88C2-647E83CD25C0}.Release|Any CPU.ActiveCfg = Release|Any CPU
		{2CB0D733-3FE5-4C7F-88C2-647E83CD25C0}.Release|Any CPU.Build.0 = Release|Any CPU
	EndGlobalSection
	GlobalSection(SolutionProperties) = preSolution
		HideSolutionNode = FALSE
	EndGlobalSection
	GlobalSection(ExtensibilityGlobals) = postSolution
		SolutionGuid = {41F564CF-E2D3-4367-AA64-DB92A92BA5CA}
	EndGlobalSection
EndGlobal
